
Microsoft Visual Studio Solution File, Format Version 12.00
Project("{FAE04EC0-301F-11D3-BF4B-00C04F79EFBC}") = "DeltaTune", "DeltaTune\DeltaTune.csproj", "{B8803F60-1749-459B-8A48-E2FCB75DC347}"
EndProject
Project("{FAE04EC0-301F-11D3-BF4B-00C04F79EFBC}") = "MonoGame.Extended", "MonoGame.Extended\MonoGame.Extended.csproj", "{3554BECE-E47E-49BF-964A-E73FBE7C373E}"
EndProject
Global
	GlobalSection(SolutionConfigurationPlatforms) = preSolution
		Debug|Any CPU = Debug|Any CPU
		Release|Any CPU = Release|Any CPU
	EndGlobalSection
	GlobalSection(ProjectConfigurationPlatforms) = postSolution
		{B8803F60-1749-459B-8A48-E2FCB75DC347}.Debug|Any CPU.ActiveCfg = Debug|Any CPU
		{B8803F60-1749-459B-8A48-E2FCB75DC347}.Debug|Any CPU.Build.0 = Debug|Any CPU
		{B8803F60-1749-459B-8A48-E2FCB75DC347}.Release|Any CPU.ActiveCfg = Release|Any CPU
		{B8803F60-1749-459B-8A48-E2FCB75DC347}.Release|Any CPU.Build.0 = Release|Any CPU
		{3554BECE-E47E-49BF-964A-E73FBE7C373E}.Debug|Any CPU.ActiveCfg = Debug|Any CPU
		{3554BECE-E47E-49BF-964A-E73FBE7C373E}.Debug|Any CPU.Build.0 = Debug|Any CPU
		{3554BECE-E47E-49BF-964A-E73FBE7C373E}.Release|Any CPU.ActiveCfg = Release|Any CPU
		{3554BECE-E47E-49BF-964A-E73FBE7C373E}.Release|Any CPU.Build.0 = Release|Any CPU
	EndGlobalSection
EndGlobal
